
Microsoft Visual Studio Solution File, Format Version 12.00
# Visual Studio Version 16
VisualStudioVersion = 16.0.31229.75
MinimumVisualStudioVersion = 10.0.40219.1
Project("{FAE04EC0-301F-11D3-BF4B-00C04F79EFBC}") = "CourseWork_1", "CourseWork_1\CourseWork_1.csproj", "{58891CC7-A443-4638-9F6B-1C123C0B45E7}"
EndProject
Global
	GlobalSection(SolutionConfigurationPlatforms) = preSolution
		Debug|Any CPU = Debug|Any CPU
		Release|Any CPU = Release|Any CPU
	EndGlobalSection
	GlobalSection(ProjectConfigurationPlatforms) = postSolution
		{58891CC7-A443-4638-9F6B-1C123C0B45E7}.Debug|Any CPU.ActiveCfg = Debug|Any CPU
		{58891CC7-A443-4638-9F6B-1C123C0B45E7}.Debug|Any CPU.Build.0 = Debug|Any CPU
		{58891CC7-A443-4638-9F6B-1C123C0B45E7}.Release|Any CPU.ActiveCfg = Release|Any CPU
		{58891CC7-A443-4638-9F6B-1C123C0B45E7}.Release|Any CPU.Build.0 = Release|Any CPU
	EndGlobalSection
	GlobalSection(SolutionProperties) = preSolution
		HideSolutionNode = FALSE
	EndGlobalSection
	GlobalSection(ExtensibilityGlobals) = postSolution
		SolutionGuid = {E96D825D-A3BA-46F1-A979-340DB2070B7E}
	EndGlobalSection
EndGlobal
